{
  "originHash" : "f93fd44a8f676d8e9dd67a8452b46c60d17e47706cbd0cda20b160b65839a403",
  "pins" : [
    {
      "identity" : "swift-argument-parser",
      "kind" : "remoteSourceControl",
      "location" : "https://github.com/apple/swift-argument-parser",
      "state" : {
        "revision" : "626b5b7b2f45e1b0b1c6f4a309296d1d21d7311b",
        "version" : "1.7.1"
      }
    },
    {
      "identity" : "swift-asn1",
      "kind" : "remoteSourceControl",
      "location" : "https://github.com/apple/swift-asn1.git",
      "state" : {
        "revision" : "eb50cbd14606a9161cbc5d452f18797c90ef0bab",
        "version" : "1.7.0"
      }
    },
    {
      "identity" : "swift-container-plugin",
      "kind" : "remoteSourceControl",
      "location" : "https://github.com/apple/swift-container-plugin",
      "state" : {
        "revision" : "d9a516ac68eff1667df55a997a9ccec2fb8406ce",
        "version" : "1.3.0"
      }
    },
    {
      "identity" : "swift-crypto",
      "kind" : "remoteSourceControl",
      "location" : "https://github.com/apple/swift-crypto.git",
      "state" : {
        "revision" : "1b6b2e274e85105bfa155183145a1dcfd63331f1",
        "version" : "4.5.0"
      }
    },
    {
      "identity" : "swift-http-types",
      "kind" : "remoteSourceControl",
      "location" : "https://github.com/apple/swift-http-types.git",
      "state" : {
        "revision" : "45eb0224913ea070ec4fba17291b9e7ecf4749ca",
        "version" : "1.5.1"
      }
    },
    {
      "identity" : "wendy-net",
      "kind" : "remoteSourceControl",
      "location" : "https://github.com/wendylabsinc/wendy-net.git",
      "state" : {
        "branch" : "main",
        "revision" : "5e1cf21796ef825b2f014aec4c967c4b2373297b"
      }
    }
  ],
  "version" : 3
}
